{
  "version": "2",
  "remote": {
    "https://deno.land/std@0.181.0/_util/asserts.ts": "178dfc49a464aee693a7e285567b3d0b555dc805ff490505a8aae34f9cfb1462",
    "https://deno.land/std@0.181.0/async/abortable.ts": "fd682fa46f3b7b16b4606a5ab52a7ce309434b76f820d3221bdfb862719a15d7",
    "https://deno.land/std@0.181.0/async/deadline.ts": "c5facb0b404eede83e38bd2717ea8ab34faa2ffb20ef87fd261fcba32ba307aa",
    "https://deno.land/std@0.181.0/async/debounce.ts": "adab11d04ca38d699444ac8a9d9856b4155e8dda2afd07ce78276c01ea5a4332",
    "https://deno.land/std@0.181.0/async/deferred.ts": "42790112f36a75a57db4a96d33974a936deb7b04d25c6084a9fa8a49f135def8",
    "https://deno.land/std@0.181.0/async/delay.ts": "73aa04cec034c84fc748c7be49bb15cac3dd43a57174bfdb7a4aec22c248f0dd",
    "https://deno.land/std@0.181.0/async/mod.ts": "f04344fa21738e5ad6bea37a6bfffd57c617c2d372bb9f9dcfd118a1b622e576",
    "https://deno.land/std@0.181.0/async/mux_async_iterator.ts": "70c7f2ee4e9466161350473ad61cac0b9f115cff4c552eaa7ef9d50c4cbb4cc9",
    "https://deno.land/std@0.181.0/async/pool.ts": "fd082bd4aaf26445909889435a5c74334c017847842ec035739b4ae637ae8260",
    "https://deno.land/std@0.181.0/async/retry.ts": "dd19d93033d8eaddbfcb7654c0366e9d3b0a21448bdb06eba4a7d8a8cf936a92",
    "https://deno.land/std@0.181.0/async/tee.ts": "47e42d35f622650b02234d43803d0383a89eb4387e1b83b5a40106d18ae36757",
    "https://deno.land/std@0.181.0/datetime/to_imf.ts": "8f9c0af8b167031ffe2e03da01a12a3b0672cc7562f89c61942a0ab0129771b2",
    "https://deno.land/std@0.181.0/fmt/colors.ts": "d67e3cd9f472535241a8e410d33423980bec45047e343577554d3356e1f0ef4e",
    "https://deno.land/std@0.181.0/http/_negotiation/common.ts": "14d1a52427ab258a4b7161cd80e1d8a207b7cc64b46e911780f57ead5f4323c6",
    "https://deno.land/std@0.181.0/http/_negotiation/encoding.ts": "ff747d107277c88cb7a6a62a08eeb8d56dad91564cbcccb30694d5dc126dcc53",
    "https://deno.land/std@0.181.0/http/_negotiation/language.ts": "7bcddd8db3330bdb7ce4fc00a213c5547c1968139864201efd67ef2d0d51887d",
    "https://deno.land/std@0.181.0/http/_negotiation/media_type.ts": "58847517cd549384ad677c0fe89e0a4815be36fe7a303ea63cee5f6a1d7e1692",
    "https://deno.land/std@0.181.0/http/cookie.ts": "934f92d871d50852dbd7a836d721df5a9527b14381db16001b40991d30174ee4",
    "https://deno.land/std@0.181.0/http/cookie_map.ts": "d148a5eaf35f19905dd5104126fa47ac71105306dd42f129732365e43108b28a",
    "https://deno.land/std@0.181.0/http/http_errors.ts": "b9a18ef97d6c5966964de95e04d1f9f88a0f8bd8577c26fd402d9d632fb03a42",
    "https://deno.land/std@0.181.0/http/http_status.ts": "8a7bcfe3ac025199ad804075385e57f63d055b2aed539d943ccc277616d6f932",
    "https://deno.land/std@0.181.0/http/mod.ts": "10b293bcf24072aef2e57e0b91523822952134d5301405f64121bab178017bdc",
    "https://deno.land/std@0.181.0/http/negotiation.ts": "46e74a6bad4b857333a58dc5b50fe8e5a4d5267e97292293ea65f980bd918086",
    "https://deno.land/std@0.181.0/http/server.ts": "cbb17b594651215ba95c01a395700684e569c165a567e4e04bba327f41197433",
    "https://deno.land/std@0.181.0/http/server_sent_event.ts": "856764c8c058605bb618272833990b1f88b6de0dcc460f0f09749ba7e99dd656",
    "https://deno.land/std@0.181.0/testing/_diff.ts": "1a3c044aedf77647d6cac86b798c6417603361b66b54c53331b312caeb447aea",
    "https://deno.land/std@0.181.0/testing/_format.ts": "a69126e8a469009adf4cf2a50af889aca364c349797e63174884a52ff75cf4c7",
    "https://deno.land/std@0.181.0/testing/asserts.ts": "e16d98b4d73ffc4ed498d717307a12500ae4f2cbe668f1a215632d19fcffc22f",
    "https://deno.land/std@0.99.0/_util/assert.ts": "2f868145a042a11d5ad0a3c748dcf580add8a0dbc0e876eaa0026303a5488f58",
    "https://deno.land/std@0.99.0/_util/has_own_property.ts": "f5edd94ed3f3c20c517d812045deb97977e18501c9b7105b5f5c11a31893d7a2",
    "https://deno.land/std@0.99.0/_util/os.ts": "e282950a0eaa96760c0cf11e7463e66babd15ec9157d4c9ed49cc0925686f6a7",
    "https://deno.land/std@0.99.0/async/deferred.ts": "624bef4b755b71394620508a0c234a93cb8020cbd1b04bfcdad41c174392cef6",
    "https://deno.land/std@0.99.0/async/delay.ts": "9de1d8d07d1927767ab7f82434b883f3d8294fb19cad819691a2ad81a728cf3d",
    "https://deno.land/std@0.99.0/async/mod.ts": "f24e4a94f9fb7de78e8345e9590e1bf23da28a212541970413a023094448031b",
    "https://deno.land/std@0.99.0/async/mux_async_iterator.ts": "62abff3af9ff619e8f2adc96fc70d4ca020fa48a50c23c13f12d02ed2b760dbe",
    "https://deno.land/std@0.99.0/async/pool.ts": "353ce4f91865da203a097aa6f33de8966340c91b6f4a055611c8c5d534afd12f",
    "https://deno.land/std@0.99.0/async/tee.ts": "6b8f1322b6dd2396202cfbe9cde9cab158d1e962cfd9197b0a97c6657bee79ce",
    "https://deno.land/std@0.99.0/bytes/bytes_list.ts": "a13287edb03f19d27ba4927dec6d6de3e5bd46254cd4aee6f7e5815810122673",
    "https://deno.land/std@0.99.0/bytes/mod.ts": "1ae1ccfe98c4b979f12b015982c7444f81fcb921bea7aa215bf37d84f46e1e13",
    "https://deno.land/std@0.99.0/datetime/formatter.ts": "bf7befcd2c55c3060be199ebc10e40f9c33aef6141c20f7c781d03beef25a49e",
    "https://deno.land/std@0.99.0/datetime/mod.ts": "c62a2c7e9d364f8d007f0f2496a4850a0f0790adb529de1988359d8d54f6103c",
    "https://deno.land/std@0.99.0/datetime/tokenizer.ts": "492bb6251e75e0c03d5a89a66bd2b03e08e9cbc298d51e002cf59378aaa32c48",
    "https://deno.land/std@0.99.0/fmt/colors.ts": "db22b314a2ae9430ae7460ce005e0a7130e23ae1c999157e3bb77cf55800f7e4",
    "https://deno.land/std@0.99.0/http/_io.ts": "f4446e433d8d0009851c7de20d594746de228399c382cbee65da30eb87e70827",
    "https://deno.land/std@0.99.0/http/cookie.ts": "5952a0a7973fcacb99fdcbe080b735a367194514217d2c6788f92a299c87136c",
    "https://deno.land/std@0.99.0/http/http_status.ts": "ebaa9bebfb8adc3d7b20c49e11037e4eefd79629ad80d81383933f4cdc91b3eb",
    "https://deno.land/std@0.99.0/http/server.ts": "39414681549353ebd0665e3df4145ee0a93a989cd0f55bed14fdb2c43d2faa3b",
    "https://deno.land/std@0.99.0/io/buffer.ts": "3ead6bb11276ebcf093c403f74f67fd2205a515dbbb9061862c468ca56f37cd8",
    "https://deno.land/std@0.99.0/io/bufio.ts": "82fe6a499cacf4604844472ccf328cb0a1c0571c0f83b5ee67e475018342b4ae",
    "https://deno.land/std@0.99.0/io/ioutil.ts": "3c6b7c8be3b8cd19746de028c40063193578612244a935dcc27be9f3ff343b0c",
    "https://deno.land/std@0.99.0/io/readers.ts": "17403919724fef2f343c88555606368868a5c752a1099ad801f6a381c170f62d",
    "https://deno.land/std@0.99.0/io/types.d.ts": "89a27569399d380246ca7cdd9e14d5e68459f11fb6110790cc5ecbd4ee7f3215",
    "https://deno.land/std@0.99.0/io/util.ts": "318be78b7954da25f0faffe123fef0d9423ea61af98467e860c06b60265eff6d",
    "https://deno.land/std@0.99.0/mime/multipart.ts": "f52b50c4d7c52a7ce4cc59e359c36085e7903073c9b06ed0064dd092cc3e3559",
    "https://deno.land/std@0.99.0/path/_constants.ts": "1247fee4a79b70c89f23499691ef169b41b6ccf01887a0abd131009c5581b853",
    "https://deno.land/std@0.99.0/path/_interface.ts": "1fa73b02aaa24867e481a48492b44f2598cd9dfa513c7b34001437007d3642e4",
    "https://deno.land/std@0.99.0/path/_util.ts": "2e06a3b9e79beaf62687196bd4b60a4c391d862cfa007a20fc3a39f778ba073b",
    "https://deno.land/std@0.99.0/path/common.ts": "eaf03d08b569e8a87e674e4e265e099f237472b6fd135b3cbeae5827035ea14a",
    "https://deno.land/std@0.99.0/path/glob.ts": "314ad9ff263b895795208cdd4d5e35a44618ca3c6dd155e226fb15d065008652",
    "https://deno.land/std@0.99.0/path/mod.ts": "4465dc494f271b02569edbb4a18d727063b5dbd6ed84283ff906260970a15d12",
    "https://deno.land/std@0.99.0/path/posix.ts": "f56c3c99feb47f30a40ce9d252ef6f00296fa7c0fcb6dd81211bdb3b8b99ca3b",
    "https://deno.land/std@0.99.0/path/separator.ts": "8fdcf289b1b76fd726a508f57d3370ca029ae6976fcde5044007f062e643ff1c",
    "https://deno.land/std@0.99.0/path/win32.ts": "77f7b3604e0de40f3a7c698e8a79e7f601dc187035a1c21cb1e596666ce112f8",
    "https://deno.land/std@0.99.0/testing/_diff.ts": "961eaf6d9f5b0a8556c9d835bbc6fa74f5addd7d3b02728ba7936ff93364f7a3",
    "https://deno.land/std@0.99.0/testing/asserts.ts": "289b6ccf3b422ffb311cbf56996960d6530f8d8c0a7281803764c5ec672f9f9c",
    "https://deno.land/std@0.99.0/textproto/mod.ts": "6e8430986393e3929720cec9c6668d75dee2ffd953886e842dc124c251cb86c8",
    "https://deno.land/x/abc@v1.3.3/_header.ts": "111617a83e956c74f2bb2c3ccbb0cc39801b13365c11c050e74d0b74d31546ac",
    "https://deno.land/x/abc@v1.3.3/_http_method.ts": "407c04d24eaee5ce9a1b00a9f1ef0d5b0b0cacfec080a98ece15ed8471ee9ef8",
    "https://deno.land/x/abc@v1.3.3/_mime.ts": "2e99da483808e154a430f59c66ae35920576b1bd63b26020d95dd811195e2711",
    "https://deno.land/x/abc@v1.3.3/app.ts": "1f53474297862c7f62e6d43ebab2d29cb094dab6f4c75830fb070ec750bf4a2d",
    "https://deno.land/x/abc@v1.3.3/constants.ts": "1c04ea5873f9540a1c227c70ebbf97f3f3c2751a88b98f035f7eccf6b3ae4201",
    "https://deno.land/x/abc@v1.3.3/context.ts": "ea13c47a98bc6316ea4593da186ee873150965a417bc6f6ea59ee647ab6551a1",
    "https://deno.land/x/abc@v1.3.3/group.ts": "e6d990a470cce002a9a00e5666a4960b552c3f82116522bb1bd2b64490309653",
    "https://deno.land/x/abc@v1.3.3/http_exception.ts": "45cd2e85f3f63f011af35064459d5180257766ebc4af981aef6c3a7fc9955ca3",
    "https://deno.land/x/abc@v1.3.3/mod.ts": "861cbdf90446f40afc7ddcaacbcb69e432e0970e6c6ea830ea80fd988de3a2e8",
    "https://deno.land/x/abc@v1.3.3/router.ts": "45be01701031eda4c95f9a68c6248014a4e939c2e9e0679d920867fe327a7da0",
    "https://deno.land/x/abc@v1.3.3/types.ts": "2e8a6ebbacf3c814b3b1f40d9b38a8833d8e41b55b67a23e5bbedf4edb51212a",
    "https://deno.land/x/abc@v1.3.3/util.ts": "8eb6a894461a1875132b4d380cf6e52396a5fbcc7e1cde4aa7d523183cadf51b",
    "https://deno.land/x/abc@v1.3.3/vendor/https/deno.land/std/fmt/colors.ts": "93696b8a09812be4b29b97f4d827ba2d51ad0616d0822a5238d762fd203b97bc",
    "https://deno.land/x/abc@v1.3.3/vendor/https/deno.land/std/http/cookie.ts": "78fb7a9bc4d69d7b0d987c03d68bf1e0f3f5711bf4a7da031aefc0daf712dc20",
    "https://deno.land/x/abc@v1.3.3/vendor/https/deno.land/std/http/http_status.ts": "002623248dd90bafa10ebff7e7054edeafaddac7e73ca8427c2d9ae630bfa317",
    "https://deno.land/x/abc@v1.3.3/vendor/https/deno.land/std/http/server.ts": "7499327efb3fb452b9ffe2385e2b863c474685177e420ef9f02e6cd267b958ea",
    "https://deno.land/x/abc@v1.3.3/vendor/https/deno.land/std/mime/multipart.ts": "54ae11cbdb7f97b70e604126dab62b95d5943ffedcd297299ad3971a40729091",
    "https://deno.land/x/abc@v1.3.3/vendor/https/deno.land/std/path/mod.ts": "58a5045f107db66313b8b07babc2072a3ff10d4f34df7d826979ae3998c12f7d",
    "https://deno.land/x/abc@v1.3.3/vendor/https/deno.land/x/router/mod.ts": "a12a329c0b5d04e409fc7ad9f202fd3f78ed494e0236c04eba98a02e69731707",
    "https://deno.land/x/router@v2.0.0/mod.ts": "8792d3c390e0446d89eb94ee8030dd20de18f2aba649e263d2832f3f150ea2ce",
    "https://raw.githubusercontent.com/hashrock/deno-opn/v2.0.1/Source/Exec.js": "0f1e7090cc0793758ed5fa2ada862caed5be0be6c7a910fe98f06588c115d241",
    "https://raw.githubusercontent.com/hashrock/deno-opn/v2.0.1/Source/Open.js": "49f583c2555fa71514d5e96f3acb4ff92e136102ba7b9e40ffe09e3740bde45e",
    "https://raw.githubusercontent.com/hashrock/deno-opn/v2.0.1/Source/Supported.js": "d0e78472f12f5f8854ec60118a9abd8018d0b4c3dcbbc07cbc0780e957ea3dea",
    "https://raw.githubusercontent.com/hashrock/deno-opn/v2.0.1/Source/System/Darwin.js": "601cf0269770e6c34b792a1bafe109ffb0cabd6043460c8c72fed732dd2122dc",
    "https://raw.githubusercontent.com/hashrock/deno-opn/v2.0.1/Source/System/Linux.js": "3a5b9beb9c4c604ea8c44163ae890c107efdd12c4784f57c12b0e5a2731626cb",
    "https://raw.githubusercontent.com/hashrock/deno-opn/v2.0.1/Source/System/WSL.js": "0d2af1b02e6e29f2b8fd0fc97d1e6299278f67241892a2e6a2b99c636ba5a429",
    "https://raw.githubusercontent.com/hashrock/deno-opn/v2.0.1/Source/System/Windows.js": "07c82966544150c3a65c8398db7cce69fd27ef252a4964340a14342b0a29303e",
    "https://raw.githubusercontent.com/hashrock/deno-opn/v2.0.1/Source/Wrapper/Library.ts": "aa9035b57b3da48c5934cdfc55612f6ef00565bfcadf8ddb195f5c41d69dab0f",
    "https://raw.githubusercontent.com/hashrock/deno-opn/v2.0.1/Source/Wrapper/Options.ts": "e5c4ebeb18ec3b703878ca6bda0ee1a5a02eaed69e0d724d9e4c3261fc284394",
    "https://raw.githubusercontent.com/hashrock/deno-opn/v2.0.1/mod.ts": "26377a5e169b46377d90e9de7d2dee3a3843ce20582628c068f7f7b587503919"
  }
}
